
Microsoft Visual Studio Solution File, Format Version 12.00
# Visual Studio Version 16
VisualStudioVersion = 16.0.30225.117
MinimumVisualStudioVersion = 10.0.40219.1
Project("{9A19103F-16F7-4668-BE54-9A1E7A4F7556}") = "ConsoleAppDatabseInit", "VIPServicesRudy\ConsoleAppDatabseInit.csproj", "{2C21F7A5-4081-4442-BF82-91323A92EF7A}"
EndProject
Project("{9A19103F-16F7-4668-BE54-9A1E7A4F7556}") = "DataLayer", "DataLayer\DataLayer.csproj", "{B02032DB-7C12-4571-BC3C-ECBBE3A5C5E7}"
EndProject
Project("{9A19103F-16F7-4668-BE54-9A1E7A4F7556}") = "DomainLibrary", "DomainLibrary\DomainLibrary.csproj", "{F265CDA1-F3D2-4CE3-BE50-7B0B82CD8D75}"
EndProject
Project("{9A19103F-16F7-4668-BE54-9A1E7A4F7556}") = "VIPServicesRudyTests", "VIPServicesRudyTests\VIPServicesRudyTests.csproj", "{396A4FE1-B8F0-40EA-AD86-F979EB253CD3}"
EndProject
Project("{9A19103F-16F7-4668-BE54-9A1E7A4F7556}") = "VIPServicesRudyUI", "VIPServicesRudyUI\VIPServicesRudyUI.csproj", "{584FF6A9-DEF8-407A-89D5-5586093572AD}"
EndProject
Project("{FAE04EC0-301F-11D3-BF4B-00C04F79EFBC}") = "VIPServicesRudyViewModel", "VIPServicesRudyViewModel\VIPServicesRudyViewModel.csproj", "{8F5BC424-FE8A-4A94-BAB9-D0A4B1C41CDF}"
EndProject
Global
	GlobalSection(SolutionConfigurationPlatforms) = preSolution
		Debug|Any CPU = Debug|Any CPU
		Release|Any CPU = Release|Any CPU
	EndGlobalSection
	GlobalSection(ProjectConfigurationPlatforms) = postSolution
		{2C21F7A5-4081-4442-BF82-91323A92EF7A}.Debug|Any CPU.ActiveCfg = Debug|Any CPU
		{2C21F7A5-4081-4442-BF82-91323A92EF7A}.Debug|Any CPU.Build.0 = Debug|Any CPU
		{2C21F7A5-4081-4442-BF82-91323A92EF7A}.Release|Any CPU.ActiveCfg = Release|Any CPU
		{2C21F7A5-4081-4442-BF82-91323A92EF7A}.Release|Any CPU.Build.0 = Release|Any CPU
		{B02032DB-7C12-4571-BC3C-ECBBE3A5C5E7}.Debug|Any CPU.ActiveCfg = Debug|Any CPU
		{B02032DB-7C12-4571-BC3C-ECBBE3A5C5E7}.Debug|Any CPU.Build.0 = Debug|Any CPU
		{B02032DB-7C12-4571-BC3C-ECBBE3A5C5E7}.Release|Any CPU.ActiveCfg = Release|Any CPU
		{B02032DB-7C12-4571-BC3C-ECBBE3A5C5E7}.Release|Any CPU.Build.0 = Release|Any CPU
		{F265CDA1-F3D2-4CE3-BE50-7B0B82CD8D75}.Debug|Any CPU.ActiveCfg = Debug|Any CPU
		{F265CDA1-F3D2-4CE3-BE50-7B0B82CD8D75}.Debug|Any CPU.Build.0 = Debug|Any CPU
		{F265CDA1-F3D2-4CE3-BE50-7B0B82CD8D75}.Release|Any CPU.ActiveCfg = Release|Any CPU
		{F265CDA1-F3D2-4CE3-BE50-7B0B82CD8D75}.Release|Any CPU.Build.0 = Release|Any CPU
		{396A4FE1-B8F0-40EA-AD86-F979EB253CD3}.Debug|Any CPU.ActiveCfg = Debug|Any CPU
		{396A4FE1-B8F0-40EA-AD86-F979EB253CD3}.Debug|Any CPU.Build.0 = Debug|Any CPU
		{396A4FE1-B8F0-40EA-AD86-F979EB253CD3}.Release|Any CPU.ActiveCfg = Release|Any CPU
		{396A4FE1-B8F0-40EA-AD86-F979EB253CD3}.Release|Any CPU.Build.0 = Release|Any CPU
		{584FF6A9-DEF8-407A-89D5-5586093572AD}.Debug|Any CPU.ActiveCfg = Debug|Any CPU
		{584FF6A9-DEF8-407A-89D5-5586093572AD}.Debug|Any CPU.Build.0 = Debug|Any CPU
		{584FF6A9-DEF8-407A-89D5-5586093572AD}.Release|Any CPU.ActiveCfg = Release|Any CPU
		{584FF6A9-DEF8-407A-89D5-5586093572AD}.Release|Any CPU.Build.0 = Release|Any CPU
		{8F5BC424-FE8A-4A94-BAB9-D0A4B1C41CDF}.Debug|Any CPU.ActiveCfg = Debug|Any CPU
		{8F5BC424-FE8A-4A94-BAB9-D0A4B1C41CDF}.Debug|Any CPU.Build.0 = Debug|Any CPU
		{8F5BC424-FE8A-4A94-BAB9-D0A4B1C41CDF}.Release|Any CPU.ActiveCfg = Release|Any CPU
		{8F5BC424-FE8A-4A94-BAB9-D0A4B1C41CDF}.Release|Any CPU.Build.0 = Release|Any CPU
	EndGlobalSection
	GlobalSection(SolutionProperties) = preSolution
		HideSolutionNode = FALSE
	EndGlobalSection
	GlobalSection(ExtensibilityGlobals) = postSolution
		SolutionGuid = {152F6E6C-5E67-4418-BC86-2E4E4F5A8173}
	EndGlobalSection
EndGlobal
